
Microsoft Visual Studio Solution File, Format Version 12.00
# Visual Studio Version 16
VisualStudioVersion = 16.0.32106.194
MinimumVisualStudioVersion = 10.0.40219.1
Project("{FAE04EC0-301F-11D3-BF4B-00C04F79EFBC}") = "GymKhanaClub", "GymKhanaClub.csproj", "{2BD72C7D-065B-4713-AB5C-1AE4DB169188}"
EndProject
Global
	GlobalSection(SolutionConfigurationPlatforms) = preSolution
		Debug|Any CPU = Debug|Any CPU
		Release|Any CPU = Release|Any CPU
	EndGlobalSection
	GlobalSection(ProjectConfigurationPlatforms) = postSolution
		{2BD72C7D-065B-4713-AB5C-1AE4DB169188}.Debug|Any CPU.ActiveCfg = Debug|Any CPU
		{2BD72C7D-065B-4713-AB5C-1AE4DB169188}.Debug|Any CPU.Build.0 = Debug|Any CPU
		{2BD72C7D-065B-4713-AB5C-1AE4DB169188}.Release|Any CPU.ActiveCfg = Release|Any CPU
		{2BD72C7D-065B-4713-AB5C-1AE4DB169188}.Release|Any CPU.Build.0 = Release|Any CPU
	EndGlobalSection
	GlobalSection(SolutionProperties) = preSolution
		HideSolutionNode = FALSE
	EndGlobalSection
	GlobalSection(ExtensibilityGlobals) = postSolution
		SolutionGuid = {4EB1974D-E32F-45A1-B3F3-CA6F9273CDD4}
	EndGlobalSection
EndGlobal
